
Microsoft Visual Studio Solution File, Format Version 12.00
# Visual Studio Version 16
VisualStudioVersion = 16.0.30011.22
MinimumVisualStudioVersion = 10.0.40219.1
Project("{9A19103F-16F7-4668-BE54-9A1E7A4F7556}") = "AttensiTechTestApi", "AttensiTechTestApi\AttensiTechTestApi.csproj", "{214B8314-806C-4165-B0DE-75A53939E2E2}"
EndProject
Project("{9A19103F-16F7-4668-BE54-9A1E7A4F7556}") = "Persistence", "Persistence\Persistence.csproj", "{40F647A2-4C5B-4426-A990-4F3799AEB020}"
EndProject
Project("{FAE04EC0-301F-11D3-BF4B-00C04F79EFBC}") = "Common", "Common\Common.csproj", "{4E49525F-A3DF-4EA3-978B-75B470BB95CD}"
EndProject
Global
	GlobalSection(SolutionConfigurationPlatforms) = preSolution
		Debug|Any CPU = Debug|Any CPU
		Debug|ARM = Debug|ARM
		Debug|ARM64 = Debug|ARM64
		Debug|x64 = Debug|x64
		Debug|x86 = Debug|x86
		Release|Any CPU = Release|Any CPU
		Release|ARM = Release|ARM
		Release|ARM64 = Release|ARM64
		Release|x64 = Release|x64
		Release|x86 = Release|x86
	EndGlobalSection
	GlobalSection(ProjectConfigurationPlatforms) = postSolution
		{214B8314-806C-4165-B0DE-75A53939E2E2}.Debug|Any CPU.ActiveCfg = Debug|Any CPU
		{214B8314-806C-4165-B0DE-75A53939E2E2}.Debug|Any CPU.Build.0 = Debug|Any CPU
		{214B8314-806C-4165-B0DE-75A53939E2E2}.Debug|ARM.ActiveCfg = Debug|Any CPU
		{214B8314-806C-4165-B0DE-75A53939E2E2}.Debug|ARM.Build.0 = Debug|Any CPU
		{214B8314-806C-4165-B0DE-75A53939E2E2}.Debug|ARM64.ActiveCfg = Debug|Any CPU
		{214B8314-806C-4165-B0DE-75A53939E2E2}.Debug|ARM64.Build.0 = Debug|Any CPU
		{214B8314-806C-4165-B0DE-75A53939E2E2}.Debug|x64.ActiveCfg = Debug|Any CPU
		{214B8314-806C-4165-B0DE-75A53939E2E2}.Debug|x64.Build.0 = Debug|Any CPU
		{214B8314-806C-4165-B0DE-75A53939E2E2}.Debug|x86.ActiveCfg = Debug|Any CPU
		{214B8314-806C-4165-B0DE-75A53939E2E2}.Debug|x86.Build.0 = Debug|Any CPU
		{214B8314-806C-4165-B0DE-75A53939E2E2}.Release|Any CPU.ActiveCfg = Release|Any CPU
		{214B8314-806C-4165-B0DE-75A53939E2E2}.Release|Any CPU.Build.0 = Release|Any CPU
		{214B8314-806C-4165-B0DE-75A53939E2E2}.Release|ARM.ActiveCfg = Release|Any CPU
		{214B8314-806C-4165-B0DE-75A53939E2E2}.Release|ARM.Build.0 = Release|Any CPU
		{214B8314-806C-4165-B0DE-75A53939E2E2}.Release|ARM64.ActiveCfg = Release|Any CPU
		{214B8314-806C-4165-B0DE-75A53939E2E2}.Release|ARM64.Build.0 = Release|Any CPU
		{214B8314-806C-4165-B0DE-75A53939E2E2}.Release|x64.ActiveCfg = Release|Any CPU
		{214B8314-806C-4165-B0DE-75A53939E2E2}.Release|x64.Build.0 = Release|Any CPU
		{214B8314-806C-4165-B0DE-75A53939E2E2}.Release|x86.ActiveCfg = Release|Any CPU
		{214B8314-806C-4165-B0DE-75A53939E2E2}.Release|x86.Build.0 = Release|Any CPU
		{40F647A2-4C5B-4426-A990-4F3799AEB020}.Debug|Any CPU.ActiveCfg = Debug|Any CPU
		{40F647A2-4C5B-4426-A990-4F3799AEB020}.Debug|Any CPU.Build.0 = Debug|Any CPU
		{40F647A2-4C5B-4426-A990-4F3799AEB020}.Debug|ARM.ActiveCfg = Debug|Any CPU
		{40F647A2-4C5B-4426-A990-4F3799AEB020}.Debug|ARM.Build.0 = Debug|Any CPU
		{40F647A2-4C5B-4426-A990-4F3799AEB020}.Debug|ARM64.ActiveCfg = Debug|Any CPU
		{40F647A2-4C5B-4426-A990-4F3799AEB020}.Debug|ARM64.Build.0 = Debug|Any CPU
		{40F647A2-4C5B-4426-A990-4F3799AEB020}.Debug|x64.ActiveCfg = Debug|Any CPU
		{40F647A2-4C5B-4426-A990-4F3799AEB020}.Debug|x64.Build.0 = Debug|Any CPU
		{40F647A2-4C5B-4426-A990-4F3799AEB020}.Debug|x86.ActiveCfg = Debug|Any CPU
		{40F647A2-4C5B-4426-A990-4F3799AEB020}.Debug|x86.Build.0 = Debug|Any CPU
		{40F647A2-4C5B-4426-A990-4F3799AEB020}.Release|Any CPU.ActiveCfg = Release|Any CPU
		{40F647A2-4C5B-4426-A990-4F3799AEB020}.Release|Any CPU.Build.0 = Release|Any CPU
		{40F647A2-4C5B-4426-A990-4F3799AEB020}.Release|ARM.ActiveCfg = Release|Any CPU
		{40F647A2-4C5B-4426-A990-4F3799AEB020}.Release|ARM.Build.0 = Release|Any CPU
		{40F647A2-4C5B-4426-A990-4F3799AEB020}.Release|ARM64.ActiveCfg = Release|Any CPU
		{40F647A2-4C5B-4426-A990-4F3799AEB020}.Release|ARM64.Build.0 = Release|Any CPU
		{40F647A2-4C5B-4426-A990-4F3799AEB020}.Release|x64.ActiveCfg = Release|Any CPU
		{40F647A2-4C5B-4426-A990-4F3799AEB020}.Release|x64.Build.0 = Release|Any CPU
		{40F647A2-4C5B-4426-A990-4F3799AEB020}.Release|x86.ActiveCfg = Release|Any CPU
		{40F647A2-4C5B-4426-A990-4F3799AEB020}.Release|x86.Build.0 = Release|Any CPU
		{4E49525F-A3DF-4EA3-978B-75B470BB95CD}.Debug|Any CPU.ActiveCfg = Debug|Any CPU
		{4E49525F-A3DF-4EA3-978B-75B470BB95CD}.Debug|Any CPU.Build.0 = Debug|Any CPU
		{4E49525F-A3DF-4EA3-978B-75B470BB95CD}.Debug|ARM.ActiveCfg = Debug|Any CPU
		{4E49525F-A3DF-4EA3-978B-75B470BB95CD}.Debug|ARM.Build.0 = Debug|Any CPU
		{4E49525F-A3DF-4EA3-978B-75B470BB95CD}.Debug|ARM64.ActiveCfg = Debug|Any CPU
		{4E49525F-A3DF-4EA3-978B-75B470BB95CD}.Debug|ARM64.Build.0 = Debug|Any CPU
		{4E49525F-A3DF-4EA3-978B-75B470BB95CD}.Debug|x64.ActiveCfg = Debug|Any CPU
		{4E49525F-A3DF-4EA3-978B-75B470BB95CD}.Debug|x64.Build.0 = Debug|Any CPU
		{4E49525F-A3DF-4EA3-978B-75B470BB95CD}.Debug|x86.ActiveCfg = Debug|Any CPU
		{4E49525F-A3DF-4EA3-978B-75B470BB95CD}.Debug|x86.Build.0 = Debug|Any CPU
		{4E49525F-A3DF-4EA3-978B-75B470BB95CD}.Release|Any CPU.ActiveCfg = Release|Any CPU
		{4E49525F-A3DF-4EA3-978B-75B470BB95CD}.Release|Any CPU.Build.0 = Release|Any CPU
		{4E49525F-A3DF-4EA3-978B-75B470BB95CD}.Release|ARM.ActiveCfg = Release|Any CPU
		{4E49525F-A3DF-4EA3-978B-75B470BB95CD}.Release|ARM.Build.0 = Release|Any CPU
		{4E49525F-A3DF-4EA3-978B-75B470BB95CD}.Release|ARM64.ActiveCfg = Release|Any CPU
		{4E49525F-A3DF-4EA3-978B-75B470BB95CD}.Release|ARM64.Build.0 = Release|Any CPU
		{4E49525F-A3DF-4EA3-978B-75B470BB95CD}.Release|x64.ActiveCfg = Release|Any CPU
		{4E49525F-A3DF-4EA3-978B-75B470BB95CD}.Release|x64.Build.0 = Release|Any CPU
		{4E49525F-A3DF-4EA3-978B-75B470BB95CD}.Release|x86.ActiveCfg = Release|Any CPU
		{4E49525F-A3DF-4EA3-978B-75B470BB95CD}.Release|x86.Build.0 = Release|Any CPU
	EndGlobalSection
	GlobalSection(SolutionProperties) = preSolution
		HideSolutionNode = FALSE
	EndGlobalSection
	GlobalSection(ExtensibilityGlobals) = postSolution
		SolutionGuid = {C5113391-15AC-4032-BC87-9C0D42F5F246}
	EndGlobalSection
EndGlobal
